// !$*UTF8*$!
{
	archiveVersion = 1;
	classes = {
	};
	objectVersion = 56;
	objects = {

/* Begin PBXBuildFile section */
		DB2962D728FB7236004B45F0 /* AppDelegate.swift in Sources */ = {isa = PBXBuildFile; fileRef = DB2962D628FB7236004B45F0 /* AppDelegate.swift */; };
		DB2962D928FB7236004B45F0 /* SceneDelegate.swift in Sources */ = {isa = PBXBuildFile; fileRef = DB2962D828FB7236004B45F0 /* SceneDelegate.swift */; };
		DB2962DB28FB7236004B45F0 /* ViewController.swift in Sources */ = {isa = PBXBuildFile; fileRef = DB2962DA28FB7236004B45F0 /* ViewController.swift */; };
		DB2962DE28FB7236004B45F0 /* Main.storyboard in Resources */ = {isa = PBXBuildFile; fileRef = DB2962DC28FB7236004B45F0 /* Main.storyboard */; };
		DB2962E128FB7236004B45F0 /* Calculadora.xcdatamodeld in Sources */ = {isa = PBXBuildFile; fileRef = DB2962DF28FB7236004B45F0 /* Calculadora.xcdatamodeld */; };
		DB2962E328FB7237004B45F0 /* Assets.xcassets in Resources */ = {isa = PBXBuildFile; fileRef = DB2962E228FB7237004B45F0 /* Assets.xcassets */; };
		DB2962E628FB7237004B45F0 /* LaunchScreen.storyboard in Resources */ = {isa = PBXBuildFile; fileRef = DB2962E428FB7237004B45F0 /* LaunchScreen.storyboard */; };
		DB2962F128FB7237004B45F0 /* CalculadoraTests.swift in Sources */ = {isa = PBXBuildFile; fileRef = DB2962F028FB7237004B45F0 /* CalculadoraTests.swift */; };
		DB2962FB28FB7237004B45F0 /* CalculadoraUITests.swift in Sources */ = {isa = PBXBuildFile; fileRef = DB2962FA28FB7237004B45F0 /* CalculadoraUITests.swift */; };
		DB2962FD28FB7237004B45F0 /* CalculadoraUITestsLaunchTests.swift in Sources */ = {isa = PBXBuildFile; fileRef = DB2962FC28FB7237004B45F0 /* CalculadoraUITestsLaunchTests.swift */; };
/* End PBXBuildFile section */

/* Begin PBXContainerItemProxy section */
		DB2962ED28FB7237004B45F0 /* PBXContainerItemProxy */ = {
			isa = PBXContainerItemProxy;
			containerPortal = DB2962CB28FB7236004B45F0 /* Project object */;
			proxyType = 1;
			remoteGlobalIDString = DB2962D228FB7236004B45F0;
			remoteInfo = Calculadora;
		};
		DB2962F728FB7237004B45F0 /* PBXContainerItemProxy */ = {
			isa = PBXContainerItemProxy;
			containerPortal = DB2962CB28FB7236004B45F0 /* Project object */;
			proxyType = 1;
			remoteGlobalIDString = DB2962D228FB7236004B45F0;
			remoteInfo = Calculadora;
		};
/* End PBXContainerItemProxy section */

/* Begin PBXFileReference section */
		DB2962D328FB7236004B45F0 /* Calculadora.app */ = {isa = PBXFileReference; explicitFileType = wrapper.application; includeInIndex = 0; path = Calculadora.app; sourceTree = BUILT_PRODUCTS_DIR; };
		DB2962D628FB7236004B45F0 /* AppDelegate.swift */ = {isa = PBXFileReference; lastKnownFileType = sourcecode.swift; path = AppDelegate.swift; sourceTree = "<group>"; };
		DB2962D828FB7236004B45F0 /* SceneDelegate.swift */ = {isa = PBXFileReference; lastKnownFileType = sourcecode.swift; path = SceneDelegate.swift; sourceTree = "<group>"; };
		DB2962DA28FB7236004B45F0 /* ViewController.swift */ = {isa = PBXFileReference; lastKnownFileType = sourcecode.swift; path = ViewController.swift; sourceTree = "<group>"; };
		DB2962DD28FB7236004B45F0 /* Base */ = {isa = PBXFileReference; lastKnownFileType = file.storyboard; name = Base; path = Base.lproj/Main.storyboard; sourceTree = "<group>"; };
		DB2962E028FB7236004B45F0 /* Calculadora.xcdatamodel */ = {isa = PBXFileReference; lastKnownFileType = wrapper.xcdatamodel; path = Calculadora.xcdatamodel; sourceTree = "<group>"; };
		DB2962E228FB7237004B45F0 /* Assets.xcassets */ = {isa = PBXFileReference; lastKnownFileType = folder.assetcatalog; path = Assets.xcassets; sourceTree = "<group>"; };
		DB2962E528FB7237004B45F0 /* Base */ = {isa = PBXFileReference; lastKnownFileType = file.storyboard; name = Base; path = Base.lproj/LaunchScreen.storyboard; sourceTree = "<group>"; };
		DB2962E728FB7237004B45F0 /* Info.plist */ = {isa = PBXFileReference; lastKnownFileType = text.plist.xml; path = Info.plist; sourceTree = "<group>"; };
		DB2962EC28FB7237004B45F0 /* CalculadoraTests.xctest */ = {isa = PBXFileReference; explicitFileType = wrapper.cfbundle; includeInIndex = 0; path = CalculadoraTests.xctest; sourceTree = BUILT_PRODUCTS_DIR; };
		DB2962F028FB7237004B45F0 /* CalculadoraTests.swift */ = {isa = PBXFileReference; lastKnownFileType = sourcecode.swift; path = CalculadoraTests.swift; sourceTree = "<group>"; };
		DB2962F628FB7237004B45F0 /* CalculadoraUITests.xctest */ = {isa = PBXFileReference; explicitFileType = wrapper.cfbundle; includeInIndex = 0; path = CalculadoraUITests.xctest; sourceTree = BUILT_PRODUCTS_DIR; };
		DB2962FA28FB7237004B45F0 /* CalculadoraUITests.swift */ = {isa = PBXFileReference; lastKnownFileType = sourcecode.swift; path = CalculadoraUITests.swift; sourceTree = "<group>"; };
		DB2962FC28FB7237004B45F0 /* CalculadoraUITestsLaunchTests.swift */ = {isa = PBXFileReference; lastKnownFileType = sourcecode.swift; path = CalculadoraUITestsLaunchTests.swift; sourceTree = "<group>"; };
/* End PBXFileReference section */

/* Begin PBXFrameworksBuildPhase section */
		DB2962D028FB7236004B45F0 /* Frameworks */ = {
			isa = PBXFrameworksBuildPhase;
			buildActionMask = 2147483647;
			files = (
			);
			runOnlyForDeploymentPostprocessing = 0;
		};
		DB2962E928FB7237004B45F0 /* Frameworks */ = {
			isa = PBXFrameworksBuildPhase;
			buildActionMask = 2147483647;
			files = (
			);
			runOnlyForDeploymentPostprocessing = 0;
		};
		DB2962F328FB7237004B45F0 /* Frameworks */ = {
			isa = PBXFrameworksBuildPhase;
			buildActionMask = 2147483647;
			files = (
			);
			runOnlyForDeploymentPostprocessing = 0;
		};
/* End PBXFrameworksBuildPhase section */

/* Begin PBXGroup section */
		DB2962CA28FB7236004B45F0 = {
			isa = PBXGroup;
			children = (
				DB2962D528FB7236004B45F0 /* Calculadora */,
				DB2962EF28FB7237004B45F0 /* CalculadoraTests */,
				DB2962F928FB7237004B45F0 /* CalculadoraUITests */,
				DB2962D428FB7236004B45F0 /* Products */,
			);
			sourceTree = "<group>";
		};
		DB2962D428FB7236004B45F0 /* Products */ = {
			isa = PBXGroup;
			children = (
				DB2962D328FB7236004B45F0 /* Calculadora.app */,
				DB2962EC28FB7237004B45F0 /* CalculadoraTests.xctest */,
				DB2962F628FB7237004B45F0 /* CalculadoraUITests.xctest */,
			);
			name = Products;
			sourceTree = "<group>";
		};
		DB2962D528FB7236004B45F0 /* Calculadora */ = {
			isa = PBXGroup;
			children = (
				DB2962D628FB7236004B45F0 /* AppDelegate.swift */,
				DB2962D828FB7236004B45F0 /* SceneDelegate.swift */,
				DB2962DA28FB7236004B45F0 /* ViewController.swift */,
				DB2962DC28FB7236004B45F0 /* Main.storyboard */,
				DB2962E228FB7237004B45F0 /* Assets.xcassets */,
				DB2962E428FB7237004B45F0 /* LaunchScreen.storyboard */,
				DB2962E728FB7237004B45F0 /* Info.plist */,
				DB2962DF28FB7236004B45F0 /* Calculadora.xcdatamodeld */,
			);
			path = Calculadora;
			sourceTree = "<group>";
		};
		DB2962EF28FB7237004B45F0 /* CalculadoraTests */ = {
			isa = PBXGroup;
			children = (
				DB2962F028FB7237004B45F0 /* CalculadoraTests.swift */,
			);
			path = CalculadoraTests;
			sourceTree = "<group>";
		};
		DB2962F928FB7237004B45F0 /* CalculadoraUITests */ = {
			isa = PBXGroup;
			children = (
				DB2962FA28FB7237004B45F0 /* CalculadoraUITests.swift */,
				DB2962FC28FB7237004B45F0 /* CalculadoraUITestsLaunchTests.swift */,
			);
			path = CalculadoraUITests;
			sourceTree = "<group>";
		};
/* End PBXGroup section */

/* Begin PBXNativeTarget section */
		DB2962D228FB7236004B45F0 /* Calculadora */ = {
			isa = PBXNativeTarget;
			buildConfigurationList = DB29630028FB7237004B45F0 /* Build configuration list for PBXNativeTarget "Calculadora" */;
			buildPhases = (
				DB2962CF28FB7236004B45F0 /* Sources */,
				DB2962D028FB7236004B45F0 /* Frameworks */,
				DB2962D128FB7236004B45F0 /* Resources */,
			);
			buildRules = (
			);
			dependencies = (
			);
			name = Calculadora;
			productName = Calculadora;
			productReference = DB2962D328FB7236004B45F0 /* Calculadora.app */;
			productType = "com.apple.product-type.application";
		};
		DB2962EB28FB7237004B45F0 /* CalculadoraTests */ = {
			isa = PBXNativeTarget;
			buildConfigurationList = DB29630328FB7237004B45F0 /* Build configuration list for PBXNativeTarget "CalculadoraTests" */;
			buildPhases = (
				DB2962E828FB7237004B45F0 /* Sources */,
				DB2962E928FB7237004B45F0 /* Frameworks */,
				DB2962EA28FB7237004B45F0 /* Resources */,
			);
			buildRules = (
			);
			dependencies = (
				DB2962EE28FB7237004B45F0 /* PBXTargetDependency */,
			);
			name = CalculadoraTests;
			productName = CalculadoraTests;
			productReference = DB2962EC28FB7237004B45F0 /* CalculadoraTests.xctest */;
			productType = "com.apple.product-type.bundle.unit-test";
		};
		DB2962F528FB7237004B45F0 /* CalculadoraUITests */ = {
			isa = PBXNativeTarget;
			buildConfigurationList = DB29630628FB7237004B45F0 /* Build configuration list for PBXNativeTarget "CalculadoraUITests" */;
			buildPhases = (
				DB2962F228FB7237004B45F0 /* Sources */,
				DB2962F328FB7237004B45F0 /* Frameworks */,
				DB2962F428FB7237004B45F0 /* Resources */,
			);
			buildRules = (
			);
			dependencies = (
				DB2962F828FB7237004B45F0 /* PBXTargetDependency */,
			);
			name = CalculadoraUITests;
			productName = CalculadoraUITests;
			productReference = DB2962F628FB7237004B45F0 /* CalculadoraUITests.xctest */;
			productType = "com.apple.product-type.bundle.ui-testing";
		};
/* End PBXNativeTarget section */

/* Begin PBXProject section */
		DB2962CB28FB7236004B45F0 /* Project object */ = {
			isa = PBXProject;
			attributes = {
				BuildIndependentTargetsInParallel = 1;
				LastSwiftUpdateCheck = 1400;
				LastUpgradeCheck = 1400;
				TargetAttributes = {
					DB2962D228FB7236004B45F0 = {
						CreatedOnToolsVersion = 14.0.1;
					};
					DB2962EB28FB7237004B45F0 = {
						CreatedOnToolsVersion = 14.0.1;
						TestTargetID = DB2962D228FB7236004B45F0;
					};
					DB2962F528FB7237004B45F0 = {
						CreatedOnToolsVersion = 14.0.1;
						TestTargetID = DB2962D228FB7236004B45F0;
					};
				};
			};
			buildConfigurationList = DB2962CE28FB7236004B45F0 /* Build configuration list for PBXProject "Calculadora" */;
			compatibilityVersion = "Xcode 14.0";
			developmentRegion = en;
			hasScannedForEncodings = 0;
			knownRegions = (
				en,
				Base,
			);
			mainGroup = DB2962CA28FB7236004B45F0;
			productRefGroup = DB2962D428FB7236004B45F0 /* Products */;
			projectDirPath = "";
			projectRoot = "";
			targets = (
				DB2962D228FB7236004B45F0 /* Calculadora */,
				DB2962EB28FB7237004B45F0 /* CalculadoraTests */,
				DB2962F528FB7237004B45F0 /* CalculadoraUITests */,
			);
		};
/* End PBXProject section */

/* Begin PBXResourcesBuildPhase section */
		DB2962D128FB7236004B45F0 /* Resources */ = {
			isa = PBXResourcesBuildPhase;
			buildActionMask = 2147483647;
			files = (
				DB2962E628FB7237004B45F0 /* LaunchScreen.storyboard in Resources */,
				DB2962E328FB7237004B45F0 /* Assets.xcassets in Resources */,
				DB2962DE28FB7236004B45F0 /* Main.storyboard in Resources */,
			);
			runOnlyForDeploymentPostprocessing = 0;
		};
		DB2962EA28FB7237004B45F0 /* Resources */ = {
			isa = PBXResourcesBuildPhase;
			buildActionMask = 2147483647;
			files = (
			);
			runOnlyForDeploymentPostprocessing = 0;
		};
		DB2962F428FB7237004B45F0 /* Resources */ = {
			isa = PBXResourcesBuildPhase;
			buildActionMask = 2147483647;
			files = (
			);
			runOnlyForDeploymentPostprocessing = 0;
		};
/* End PBXResourcesBuildPhase section */

/* Begin PBXSourcesBuildPhase section */
		DB2962CF28FB7236004B45F0 /* Sources */ = {
			isa = PBXSourcesBuildPhase;
			buildActionMask = 2147483647;
			files = (
				DB2962DB28FB7236004B45F0 /* ViewController.swift in Sources */,
				DB2962D728FB7236004B45F0 /* AppDelegate.swift in Sources */,
				DB2962D928FB7236004B45F0 /* SceneDelegate.swift in Sources */,
				DB2962E128FB7236004B45F0 /* Calculadora.xcdatamodeld in Sources */,
			);
			runOnlyForDeploymentPostprocessing = 0;
		};
		DB2962E828FB7237004B45F0 /* Sources */ = {
			isa = PBXSourcesBuildPhase;
			buildActionMask = 2147483647;
			files = (
				DB2962F128FB7237004B45F0 /* CalculadoraTests.swift in Sources */,
			);
			runOnlyForDeploymentPostprocessing = 0;
		};
		DB2962F228FB7237004B45F0 /* Sources */ = {
			isa = PBXSourcesBuildPhase;
			buildActionMask = 2147483647;
			files = (
				DB2962FD28FB7237004B45F0 /* CalculadoraUITestsLaunchTests.swift in Sources */,
				DB2962FB28FB7237004B45F0 /* CalculadoraUITests.swift in Sources */,
			);
			runOnlyForDeploymentPostprocessing = 0;
		};
/* End PBXSourcesBuildPhase section */

/* Begin PBXTargetDependency section */
		DB2962EE28FB7237004B45F0 /* PBXTargetDependency */ = {
			isa = PBXTargetDependency;
			target = DB2962D228FB7236004B45F0 /* Calculadora */;
			targetProxy = DB2962ED28FB7237004B45F0 /* PBXContainerItemProxy */;
		};
		DB2962F828FB7237004B45F0 /* PBXTargetDependency */ = {
			isa = PBXTargetDependency;
			target = DB2962D228FB7236004B45F0 /* Calculadora */;
			targetProxy = DB2962F728FB7237004B45F0 /* PBXContainerItemProxy */;
		};
/* End PBXTargetDependency section */

/* Begin PBXVariantGroup section */
		DB2962DC28FB7236004B45F0 /* Main.storyboard */ = {
			isa = PBXVariantGroup;
			children = (
				DB2962DD28FB7236004B45F0 /* Base */,
			);
			name = Main.storyboard;
			sourceTree = "<group>";
		};
		DB2962E428FB7237004B45F0 /* LaunchScreen.storyboard */ = {
			isa = PBXVariantGroup;
			children = (
				DB2962E528FB7237004B45F0 /* Base */,
			);
			name = LaunchScreen.storyboard;
			sourceTree = "<group>";
		};
/* End PBXVariantGroup section */

/* Begin XCBuildConfiguration section */
		DB2962FE28FB7237004B45F0 /* Debug */ = {
			isa = XCBuildConfiguration;
			buildSettings = {
				ALWAYS_SEARCH_USER_PATHS = NO;
				CLANG_ANALYZER_NONNULL = YES;
				CLANG_ANALYZER_NUMBER_OBJECT_CONVERSION = YES_AGGRESSIVE;
				CLANG_CXX_LANGUAGE_STANDARD = "gnu++20";
				CLANG_ENABLE_MODULES = YES;
				CLANG_ENABLE_OBJC_ARC = YES;
				CLANG_ENABLE_OBJC_WEAK = YES;
				CLANG_WARN_BLOCK_CAPTURE_AUTORELEASING = YES;
				CLANG_WARN_BOOL_CONVERSION = YES;
				CLANG_WARN_COMMA = YES;
				CLANG_WARN_CONSTANT_CONVERSION = YES;
				CLANG_WARN_DEPRECATED_OBJC_IMPLEMENTATIONS = YES;
				CLANG_WARN_DIRECT_OBJC_ISA_USAGE = YES_ERROR;
				CLANG_WARN_DOCUMENTATION_COMMENTS = YES;
				CLANG_WARN_EMPTY_BODY = YES;
				CLANG_WARN_ENUM_CONVERSION = YES;
				CLANG_WARN_INFINITE_RECURSION = YES;
				CLANG_WARN_INT_CONVERSION = YES;
				CLANG_WARN_NON_LITERAL_NULL_CONVERSION = YES;
				CLANG_WARN_OBJC_IMPLICIT_RETAIN_SELF = YES;
				CLANG_WARN_OBJC_LITERAL_CONVERSION = YES;
				CLANG_WARN_OBJC_ROOT_CLASS = YES_ERROR;
				CLANG_WARN_QUOTED_INCLUDE_IN_FRAMEWORK_HEADER = YES;
				CLANG_WARN_RANGE_LOOP_ANALYSIS = YES;
				CLANG_WARN_STRICT_PROTOTYPES = YES;
				CLANG_WARN_SUSPICIOUS_MOVE = YES;
				CLANG_WARN_UNGUARDED_AVAILABILITY = YES_AGGRESSIVE;
				CLANG_WARN_UNREACHABLE_CODE = YES;
				CLANG_WARN__DUPLICATE_METHOD_MATCH = YES;
				COPY_PHASE_STRIP = NO;
				DEBUG_INFORMATION_FORMAT = dwarf;
				ENABLE_STRICT_OBJC_MSGSEND = YES;
				ENABLE_TESTABILITY = YES;
				GCC_C_LANGUAGE_STANDARD = gnu11;
				GCC_DYNAMIC_NO_PIC = NO;
				GCC_NO_COMMON_BLOCKS = YES;
				GCC_OPTIMIZATION_LEVEL = 0;
				GCC_PREPROCESSOR_DEFINITIONS = (
					"DEBUG=1",
					"$(inherited)",
				);
				GCC_WARN_64_TO_32_BIT_CONVERSION = YES;
				GCC_WARN_ABOUT_RETURN_TYPE = YES_ERROR;
				GCC_WARN_UNDECLARED_SELECTOR = YES;
				GCC_WARN_UNINITIALIZED_AUTOS = YES_AGGRESSIVE;
				GCC_WARN_UNUSED_FUNCTION = YES;
				GCC_WARN_UNUSED_VARIABLE = YES;
				IPHONEOS_DEPLOYMENT_TARGET = 16.0;
				MTL_ENABLE_DEBUG_INFO = INCLUDE_SOURCE;
				MTL_FAST_MATH = YES;
				ONLY_ACTIVE_ARCH = YES;
				SDKROOT = iphoneos;
				SWIFT_ACTIVE_COMPILATION_CONDITIONS = DEBUG;
				SWIFT_OPTIMIZATION_LEVEL = "-Onone";
			};
			name = Debug;
		};
		DB2962FF28FB7237004B45F0 /* Release */ = {
			isa = XCBuildConfiguration;
			buildSettings = {
				ALWAYS_SEARCH_USER_PATHS = NO;
				CLANG_ANALYZER_NONNULL = YES;
				CLANG_ANALYZER_NUMBER_OBJECT_CONVERSION = YES_AGGRESSIVE;
				CLANG_CXX_LANGUAGE_STANDARD = "gnu++20";
				CLANG_ENABLE_MODULES = YES;
				CLANG_ENABLE_OBJC_ARC = YES;
				CLANG_ENABLE_OBJC_WEAK = YES;
				CLANG_WARN_BLOCK_CAPTURE_AUTORELEASING = YES;
				CLANG_WARN_BOOL_CONVERSION = YES;
				CLANG_WARN_COMMA = YES;
				CLANG_WARN_CONSTANT_CONVERSION = YES;
				CLANG_WARN_DEPRECATED_OBJC_IMPLEMENTATIONS = YES;
				CLANG_WARN_DIRECT_OBJC_ISA_USAGE = YES_ERROR;
				CLANG_WARN_DOCUMENTATION_COMMENTS = YES;
				CLANG_WARN_EMPTY_BODY = YES;
				CLANG_WARN_ENUM_CONVERSION = YES;
				CLANG_WARN_INFINITE_RECURSION = YES;
				CLANG_WARN_INT_CONVERSION = YES;
				CLANG_WARN_NON_LITERAL_NULL_CONVERSION = YES;
				CLANG_WARN_OBJC_IMPLICIT_RETAIN_SELF = YES;
				CLANG_WARN_OBJC_LITERAL_CONVERSION = YES;
				CLANG_WARN_OBJC_ROOT_CLASS = YES_ERROR;
				CLANG_WARN_QUOTED_INCLUDE_IN_FRAMEWORK_HEADER = YES;
				CLANG_WARN_RANGE_LOOP_ANALYSIS = YES;
				CLANG_WARN_STRICT_PROTOTYPES = YES;
				CLANG_WARN_SUSPICIOUS_MOVE = YES;
				CLANG_WARN_UNGUARDED_AVAILABILITY = YES_AGGRESSIVE;
				CLANG_WARN_UNREACHABLE_CODE = YES;
				CLANG_WARN__DUPLICATE_METHOD_MATCH = YES;
				COPY_PHASE_STRIP = NO;
				DEBUG_INFORMATION_FORMAT = "dwarf-with-dsym";
				ENABLE_NS_ASSERTIONS = NO;
				ENABLE_STRICT_OBJC_MSGSEND = YES;
				GCC_C_LANGUAGE_STANDARD = gnu11;
				GCC_NO_COMMON_BLOCKS = YES;
				GCC_WARN_64_TO_32_BIT_CONVERSION = YES;
				GCC_WARN_ABOUT_RETURN_TYPE = YES_ERROR;
				GCC_WARN_UNDECLARED_SELECTOR = YES;
				GCC_WARN_UNINITIALIZED_AUTOS = YES_AGGRESSIVE;
				GCC_WARN_UNUSED_FUNCTION = YES;
				GCC_WARN_UNUSED_VARIABLE = YES;
				IPHONEOS_DEPLOYMENT_TARGET = 16.0;
				MTL_ENABLE_DEBUG_INFO = NO;
				MTL_FAST_MATH = YES;
				SDKROOT = iphoneos;
				SWIFT_COMPILATION_MODE = wholemodule;
				SWIFT_OPTIMIZATION_LEVEL = "-O";
				VALIDATE_PRODUCT = YES;
			};
			name = Release;
		};
		DB29630128FB7237004B45F0 /* Debug */ = {
			isa = XCBuildConfiguration;
			buildSettings = {
				ASSETCATALOG_COMPILER_APPICON_NAME = AppIcon;
				ASSETCATALOG_COMPILER_GLOBAL_ACCENT_COLOR_NAME = AccentColor;
				CODE_SIGN_STYLE = Automatic;
				CURRENT_PROJECT_VERSION = 1;
				GENERATE_INFOPLIST_FILE = YES;
				INFOPLIST_FILE = Calculadora/Info.plist;
				INFOPLIST_KEY_UIApplicationSupportsIndirectInputEvents = YES;
				INFOPLIST_KEY_UILaunchStoryboardName = LaunchScreen;
				INFOPLIST_KEY_UIMainStoryboardFile = Main;
				INFOPLIST_KEY_UISupportedInterfaceOrientations_iPad = "UIInterfaceOrientationPortrait UIInterfaceOrientationPortraitUpsideDown UIInterfaceOrientationLandscapeLeft UIInterfaceOrientationLandscapeRight";
				INFOPLIST_KEY_UISupportedInterfaceOrientations_iPhone = "UIInterfaceOrientationPortrait UIInterfaceOrientationLandscapeLeft UIInterfaceOrientationLandscapeRight";
				LD_RUNPATH_SEARCH_PATHS = (
					"$(inherited)",
					"@executable_path/Frameworks",
				);
				MARKETING_VERSION = 1.0;
				PRODUCT_BUNDLE_IDENTIFIER = newApp.tec.mx.Calculadora;
				PRODUCT_NAME = "$(TARGET_NAME)";
				SWIFT_EMIT_LOC_STRINGS = YES;
				SWIFT_VERSION = 5.0;
				TARGETED_DEVICE_FAMILY = "1,2";
			};
			name = Debug;
		};
		DB29630228FB7237004B45F0 /* Release */ = {
			isa = XCBuildConfiguration;
			buildSettings = {
				ASSETCATALOG_COMPILER_APPICON_NAME = AppIcon;
				ASSETCATALOG_COMPILER_GLOBAL_ACCENT_COLOR_NAME = AccentColor;
				CODE_SIGN_STYLE = Automatic;
				CURRENT_PROJECT_VERSION = 1;
				GENERATE_INFOPLIST_FILE = YES;
				INFOPLIST_FILE = Calculadora/Info.plist;
				INFOPLIST_KEY_UIApplicationSupportsIndirectInputEvents = YES;
				INFOPLIST_KEY_UILaunchStoryboardName = LaunchScreen;
				INFOPLIST_KEY_UIMainStoryboardFile = Main;
				INFOPLIST_KEY_UISupportedInterfaceOrientations_iPad = "UIInterfaceOrientationPortrait UIInterfaceOrientationPortraitUpsideDown UIInterfaceOrientationLandscapeLeft UIInterfaceOrientationLandscapeRight";
				INFOPLIST_KEY_UISupportedInterfaceOrientations_iPhone = "UIInterfaceOrientationPortrait UIInterfaceOrientationLandscapeLeft UIInterfaceOrientationLandscapeRight";
				LD_RUNPATH_SEARCH_PATHS = (
					"$(inherited)",
					"@executable_path/Frameworks",
				);
				MARKETING_VERSION = 1.0;
				PRODUCT_BUNDLE_IDENTIFIER = newApp.tec.mx.Calculadora;
				PRODUCT_NAME = "$(TARGET_NAME)";
				SWIFT_EMIT_LOC_STRINGS = YES;
				SWIFT_VERSION = 5.0;
				TARGETED_DEVICE_FAMILY = "1,2";
			};
			name = Release;
		};
		DB29630428FB7237004B45F0 /* Debug */ = {
			isa = XCBuildConfiguration;
			buildSettings = {
				ALWAYS_EMBED_SWIFT_STANDARD_LIBRARIES = YES;
				BUNDLE_LOADER = "$(TEST_HOST)";
				CODE_SIGN_STYLE = Automatic;
				CURRENT_PROJECT_VERSION = 1;
				GENERATE_INFOPLIST_FILE = YES;
				IPHONEOS_DEPLOYMENT_TARGET = 16.0;
				MARKETING_VERSION = 1.0;
				PRODUCT_BUNDLE_IDENTIFIER = newApp.tec.mx.CalculadoraTests;
				PRODUCT_NAME = "$(TARGET_NAME)";
				SWIFT_EMIT_LOC_STRINGS = NO;
				SWIFT_VERSION = 5.0;
				TARGETED_DEVICE_FAMILY = "1,2";
				TEST_HOST = "$(BUILT_PRODUCTS_DIR)/Calculadora.app/$(BUNDLE_EXECUTABLE_FOLDER_PATH)/Calculadora";
			};
			name = Debug;
		};
		DB29630528FB7237004B45F0 /* Release */ = {
			isa = XCBuildConfiguration;
			buildSettings = {
				ALWAYS_EMBED_SWIFT_STANDARD_LIBRARIES = YES;
				BUNDLE_LOADER = "$(TEST_HOST)";
				CODE_SIGN_STYLE = Automatic;
				CURRENT_PROJECT_VERSION = 1;
				GENERATE_INFOPLIST_FILE = YES;
				IPHONEOS_DEPLOYMENT_TARGET = 16.0;
				MARKETING_VERSION = 1.0;
				PRODUCT_BUNDLE_IDENTIFIER = newApp.tec.mx.CalculadoraTests;
				PRODUCT_NAME = "$(TARGET_NAME)";
				SWIFT_EMIT_LOC_STRINGS = NO;
				SWIFT_VERSION = 5.0;
				TARGETED_DEVICE_FAMILY = "1,2";
				TEST_HOST = "$(BUILT_PRODUCTS_DIR)/Calculadora.app/$(BUNDLE_EXECUTABLE_FOLDER_PATH)/Calculadora";
			};
			name = Release;
		};
		DB29630728FB7237004B45F0 /* Debug */ = {
			isa = XCBuildConfiguration;
			buildSettings = {
				ALWAYS_EMBED_SWIFT_STANDARD_LIBRARIES = YES;
				CODE_SIGN_STYLE = Automatic;
				CURRENT_PROJECT_VERSION = 1;
				GENERATE_INFOPLIST_FILE = YES;
				MARKETING_VERSION = 1.0;
				PRODUCT_BUNDLE_IDENTIFIER = newApp.tec.mx.CalculadoraUITests;
				PRODUCT_NAME = "$(TARGET_NAME)";
				SWIFT_EMIT_LOC_STRINGS = NO;
				SWIFT_VERSION = 5.0;
				TARGETED_DEVICE_FAMILY = "1,2";
				TEST_TARGET_NAME = Calculadora;
			};
			name = Debug;
		};
		DB29630828FB7237004B45F0 /* Release */ = {
			isa = XCBuildConfiguration;
			buildSettings = {
				ALWAYS_EMBED_SWIFT_STANDARD_LIBRARIES = YES;
				CODE_SIGN_STYLE = Automatic;
				CURRENT_PROJECT_VERSION = 1;
				GENERATE_INFOPLIST_FILE = YES;
				MARKETING_VERSION = 1.0;
				PRODUCT_BUNDLE_IDENTIFIER = newApp.tec.mx.CalculadoraUITests;
				PRODUCT_NAME = "$(TARGET_NAME)";
				SWIFT_EMIT_LOC_STRINGS = NO;
				SWIFT_VERSION = 5.0;
				TARGETED_DEVICE_FAMILY = "1,2";
				TEST_TARGET_NAME = Calculadora;
			};
			name = Release;
		};
/* End XCBuildConfiguration section */

/* Begin XCConfigurationList section */
		DB2962CE28FB7236004B45F0 /* Build configuration list for PBXProject "Calculadora" */ = {
			isa = XCConfigurationList;
			buildConfigurations = (
				DB2962FE28FB7237004B45F0 /* Debug */,
				DB2962FF28FB7237004B45F0 /* Release */,
			);
			defaultConfigurationIsVisible = 0;
			defaultConfigurationName = Release;
		};
		DB29630028FB7237004B45F0 /* Build configuration list for PBXNativeTarget "Calculadora" */ = {
			isa = XCConfigurationList;
			buildConfigurations = (
				DB29630128FB7237004B45F0 /* Debug */,
				DB29630228FB7237004B45F0 /* Release */,
			);
			defaultConfigurationIsVisible = 0;
			defaultConfigurationName = Release;
		};
		DB29630328FB7237004B45F0 /* Build configuration list for PBXNativeTarget "CalculadoraTests" */ = {
			isa = XCConfigurationList;
			buildConfigurations = (
				DB29630428FB7237004B45F0 /* Debug */,
				DB29630528FB7237004B45F0 /* Release */,
			);
			defaultConfigurationIsVisible = 0;
			defaultConfigurationName = Release;
		};
		DB29630628FB7237004B45F0 /* Build configuration list for PBXNativeTarget "CalculadoraUITests" */ = {
			isa = XCConfigurationList;
			buildConfigurations = (
				DB29630728FB7237004B45F0 /* Debug */,
				DB29630828FB7237004B45F0 /* Release */,
			);
			defaultConfigurationIsVisible = 0;
			defaultConfigurationName = Release;
		};
/* End XCConfigurationList section */

/* Begin XCVersionGroup section */
		DB2962DF28FB7236004B45F0 /* Calculadora.xcdatamodeld */ = {
			isa = XCVersionGroup;
			children = (
				DB2962E028FB7236004B45F0 /* Calculadora.xcdatamodel */,
			);
			currentVersion = DB2962E028FB7236004B45F0 /* Calculadora.xcdatamodel */;
			path = Calculadora.xcdatamodeld;
			sourceTree = "<group>";
			versionGroupType = wrapper.xcdatamodel;
		};
/* End XCVersionGroup section */
	};
	rootObject = DB2962CB28FB7236004B45F0 /* Project object */;
}
